
Microsoft Visual Studio Solution File, Format Version 12.00
# Visual Studio Version 16
VisualStudioVersion = 16.0.30907.101
MinimumVisualStudioVersion = 10.0.40219.1
Project("{FAE04EC0-301F-11D3-BF4B-00C04F79EFBC}") = "PBL3", "PBL3\PBL3.csproj", "{DB4EFE64-C20C-428B-BA23-2DB5CA8E9C67}"
EndProject
Global
	GlobalSection(SolutionConfigurationPlatforms) = preSolution
		Debug|Any CPU = Debug|Any CPU
		Release|Any CPU = Release|Any CPU
	EndGlobalSection
	GlobalSection(ProjectConfigurationPlatforms) = postSolution
		{DB4EFE64-C20C-428B-BA23-2DB5CA8E9C67}.Debug|Any CPU.ActiveCfg = Debug|Any CPU
		{DB4EFE64-C20C-428B-BA23-2DB5CA8E9C67}.Debug|Any CPU.Build.0 = Debug|Any CPU
		{DB4EFE64-C20C-428B-BA23-2DB5CA8E9C67}.Release|Any CPU.ActiveCfg = Release|Any CPU
		{DB4EFE64-C20C-428B-BA23-2DB5CA8E9C67}.Release|Any CPU.Build.0 = Release|Any CPU
	EndGlobalSection
	GlobalSection(SolutionProperties) = preSolution
		HideSolutionNode = FALSE
	EndGlobalSection
	GlobalSection(ExtensibilityGlobals) = postSolution
		SolutionGuid = {FDEF099B-F5AD-4F71-8589-998EC27DECF2}
	EndGlobalSection
EndGlobal
